# This file was autogenerated by Stack.
# You should not edit this file by hand.
# For more information, please see the documentation at:
#   https://docs.haskellstack.org/en/stable/lock_files

packages:
- completed:
    hackage: css-selectors-0.4.0.3@sha256:54ee8b7f6816f2caab25f7b2374b489c93f8e86f9cca15b643405603a2da8205,2236
    pantry-tree:
      size: 972
      sha256: e9805b76a80cf2c82c62259c2534748ce43d6ec7954a5c88d2e20a64e9d4b9bc
  original:
    hackage: css-selectors-0.4.0.3@sha256:54ee8b7f6816f2caab25f7b2374b489c93f8e86f9cca15b643405603a2da8205,2236
- completed:
    hackage: hasql-th-0.4.0.9@sha256:56515d8d08d4c68e36899a46624ecd1505608cf6b4c24b5c33aee54bc76e6275,2245
    pantry-tree:
      size: 864
      sha256: 0c895bf03caf2c77e8a314bcd08dae41fe0eaadbcaf9ce92de9b1538067f3347
  original:
    hackage: hasql-th-0.4.0.9@sha256:56515d8d08d4c68e36899a46624ecd1505608cf6b4c24b5c33aee54bc76e6275,2245
- completed:
    hackage: headed-megaparsec-0.2.0.1@sha256:4bb2f1e68d2972e6b40ede202708c81b2e2fe83c454e439f27f47d1fdf7c8697,1571
    pantry-tree:
      size: 383
      sha256: 9c5bb405d2b708e128b1206b09f86aeed9b9a6689c6391e66d39dcfa0924638d
  original:
    hackage: headed-megaparsec-0.2.0.1@sha256:4bb2f1e68d2972e6b40ede202708c81b2e2fe83c454e439f27f47d1fdf7c8697,1571
- completed:
    hackage: postgresql-syntax-0.4@sha256:df8b65a33f4088eddad25cedbec814e5f34f8e8ae55065139b73bd6da0d66f21,4176
    pantry-tree:
      size: 1227
      sha256: 1942e3259b02a2546bf1fc6fe7f956cbcce724f29c3feea8698ab90a465e499a
  original:
    hackage: postgresql-syntax-0.4@sha256:df8b65a33f4088eddad25cedbec814e5f34f8e8ae55065139b73bd6da0d66f21,4176
- completed:
    hackage: servant-lucid-0.9.0.2@sha256:693278d574dba7313e931200118424762c02682bbc654e8866be4e6d1c73d816,1803
    pantry-tree:
      size: 392
      sha256: c5635bc53887b81087c3430341790d45cd4063340a0baa62bedd2e77ed4aa84d
  original:
    hackage: servant-lucid-0.9.0.2@sha256:693278d574dba7313e931200118424762c02682bbc654e8866be4e6d1c73d816,1803
snapshots:
- completed:
    size: 586923
    url: https://raw.githubusercontent.com/commercialhaskell/stackage-snapshots/master/lts/18/9.yaml
    sha256: 9f9fe35c949414146840a985fb228fd397c504d1781b834bfc9ab935f4d27df6
  original:
    url: https://raw.githubusercontent.com/commercialhaskell/stackage-snapshots/master/lts/18/9.yaml
